
Microsoft Visual Studio Solution File, Format Version 12.00
# Visual Studio Version 17
VisualStudioVersion = 17.14.36414.22
MinimumVisualStudioVersion = 10.0.40219.1
Project("{FAE04EC0-301F-11D3-BF4B-00C04F79EFBC}") = "hw1", "hw1\hw1.csproj", "{22735221-7C4D-4940-9D94-31A3425690E3}"
EndProject
Project("{FAE04EC0-301F-11D3-BF4B-00C04F79EFBC}") = "hw2Enum", "hw2Enum\hw2Enum.csproj", "{0DFC9DB6-8089-44D8-ABB4-C7CB6217595A}"
EndProject
Project("{FAE04EC0-301F-11D3-BF4B-00C04F79EFBC}") = "hwString", "hwString\hwString.csproj", "{B048FAD1-7A27-4522-B533-F98B0087159E}"
EndProject
Project("{FAE04EC0-301F-11D3-BF4B-00C04F79EFBC}") = "hwOOP1", "hwOOP1\hwOOP1.csproj", "{5F6C2EA7-A131-46DF-8A2C-1BF1676E4D6B}"
EndProject
Project("{FAE04EC0-301F-11D3-BF4B-00C04F79EFBC}") = "hwOOP2", "hwOOP2\hwOOP2.csproj", "{C5684434-2234-479E-920A-DC2E38A46754}"
EndProject
Project("{FAE04EC0-301F-11D3-BF4B-00C04F79EFBC}") = "OverloadOperatorsHw", "OverloadOperatorsHw\OverloadOperatorsHw.csproj", "{2E24FE03-C159-4E4B-9E8B-7F1426EB20CA}"
EndProject
Project("{FAE04EC0-301F-11D3-BF4B-00C04F79EFBC}") = "Hw7", "Hw7\Hw7.csproj", "{71C401A2-7E2B-4A09-9AC1-0C7AA514B34F}"
EndProject
Project("{FAE04EC0-301F-11D3-BF4B-00C04F79EFBC}") = "MovieHW", "MovieHW\MovieHW.csproj", "{65C1A857-2B85-44A0-B6E5-A4FE37F7F038}"
EndProject
Project("{FAE04EC0-301F-11D3-BF4B-00C04F79EFBC}") = "Interfaces", "Interfaces\Interfaces.csproj", "{0A1717B4-0C42-4AEB-ACDE-6E5F1AA20170}"
EndProject
Project("{FAE04EC0-301F-11D3-BF4B-00C04F79EFBC}") = "Delegate", "Delegate\Delegate.csproj", "{BAE8A7BA-64BD-4B21-8239-0FC5A0D68FDD}"
EndProject
Project("{FAE04EC0-301F-11D3-BF4B-00C04F79EFBC}") = "Generic", "Generic\Generic.csproj", "{66A503DD-4A9B-45B9-A9E7-34BACFDEBFFB}"
EndProject
Global
	GlobalSection(SolutionConfigurationPlatforms) = preSolution
		Debug|Any CPU = Debug|Any CPU
		Release|Any CPU = Release|Any CPU
	EndGlobalSection
	GlobalSection(ProjectConfigurationPlatforms) = postSolution
		{22735221-7C4D-4940-9D94-31A3425690E3}.Debug|Any CPU.ActiveCfg = Debug|Any CPU
		{22735221-7C4D-4940-9D94-31A3425690E3}.Debug|Any CPU.Build.0 = Debug|Any CPU
		{22735221-7C4D-4940-9D94-31A3425690E3}.Release|Any CPU.ActiveCfg = Release|Any CPU
		{22735221-7C4D-4940-9D94-31A3425690E3}.Release|Any CPU.Build.0 = Release|Any CPU
		{0DFC9DB6-8089-44D8-ABB4-C7CB6217595A}.Debug|Any CPU.ActiveCfg = Debug|Any CPU
		{0DFC9DB6-8089-44D8-ABB4-C7CB6217595A}.Debug|Any CPU.Build.0 = Debug|Any CPU
		{0DFC9DB6-8089-44D8-ABB4-C7CB6217595A}.Release|Any CPU.ActiveCfg = Release|Any CPU
		{0DFC9DB6-8089-44D8-ABB4-C7CB6217595A}.Release|Any CPU.Build.0 = Release|Any CPU
		{B048FAD1-7A27-4522-B533-F98B0087159E}.Debug|Any CPU.ActiveCfg = Debug|Any CPU
		{B048FAD1-7A27-4522-B533-F98B0087159E}.Debug|Any CPU.Build.0 = Debug|Any CPU
		{B048FAD1-7A27-4522-B533-F98B0087159E}.Release|Any CPU.ActiveCfg = Release|Any CPU
		{B048FAD1-7A27-4522-B533-F98B0087159E}.Release|Any CPU.Build.0 = Release|Any CPU
		{5F6C2EA7-A131-46DF-8A2C-1BF1676E4D6B}.Debug|Any CPU.ActiveCfg = Debug|Any CPU
		{5F6C2EA7-A131-46DF-8A2C-1BF1676E4D6B}.Debug|Any CPU.Build.0 = Debug|Any CPU
		{5F6C2EA7-A131-46DF-8A2C-1BF1676E4D6B}.Release|Any CPU.ActiveCfg = Release|Any CPU
		{5F6C2EA7-A131-46DF-8A2C-1BF1676E4D6B}.Release|Any CPU.Build.0 = Release|Any CPU
		{C5684434-2234-479E-920A-DC2E38A46754}.Debug|Any CPU.ActiveCfg = Debug|Any CPU
		{C5684434-2234-479E-920A-DC2E38A46754}.Debug|Any CPU.Build.0 = Debug|Any CPU
		{C5684434-2234-479E-920A-DC2E38A46754}.Release|Any CPU.ActiveCfg = Release|Any CPU
		{C5684434-2234-479E-920A-DC2E38A46754}.Release|Any CPU.Build.0 = Release|Any CPU
		{2E24FE03-C159-4E4B-9E8B-7F1426EB20CA}.Debug|Any CPU.ActiveCfg = Debug|Any CPU
		{2E24FE03-C159-4E4B-9E8B-7F1426EB20CA}.Debug|Any CPU.Build.0 = Debug|Any CPU
		{2E24FE03-C159-4E4B-9E8B-7F1426EB20CA}.Release|Any CPU.ActiveCfg = Release|Any CPU
		{2E24FE03-C159-4E4B-9E8B-7F1426EB20CA}.Release|Any CPU.Build.0 = Release|Any CPU
		{71C401A2-7E2B-4A09-9AC1-0C7AA514B34F}.Debug|Any CPU.ActiveCfg = Debug|Any CPU
		{71C401A2-7E2B-4A09-9AC1-0C7AA514B34F}.Debug|Any CPU.Build.0 = Debug|Any CPU
		{71C401A2-7E2B-4A09-9AC1-0C7AA514B34F}.Release|Any CPU.ActiveCfg = Release|Any CPU
		{71C401A2-7E2B-4A09-9AC1-0C7AA514B34F}.Release|Any CPU.Build.0 = Release|Any CPU
		{65C1A857-2B85-44A0-B6E5-A4FE37F7F038}.Debug|Any CPU.ActiveCfg = Debug|Any CPU
		{65C1A857-2B85-44A0-B6E5-A4FE37F7F038}.Debug|Any CPU.Build.0 = Debug|Any CPU
		{65C1A857-2B85-44A0-B6E5-A4FE37F7F038}.Release|Any CPU.ActiveCfg = Release|Any CPU
		{65C1A857-2B85-44A0-B6E5-A4FE37F7F038}.Release|Any CPU.Build.0 = Release|Any CPU
		{0A1717B4-0C42-4AEB-ACDE-6E5F1AA20170}.Debug|Any CPU.ActiveCfg = Debug|Any CPU
		{0A1717B4-0C42-4AEB-ACDE-6E5F1AA20170}.Debug|Any CPU.Build.0 = Debug|Any CPU
		{0A1717B4-0C42-4AEB-ACDE-6E5F1AA20170}.Release|Any CPU.ActiveCfg = Release|Any CPU
		{0A1717B4-0C42-4AEB-ACDE-6E5F1AA20170}.Release|Any CPU.Build.0 = Release|Any CPU
		{BAE8A7BA-64BD-4B21-8239-0FC5A0D68FDD}.Debug|Any CPU.ActiveCfg = Debug|Any CPU
		{BAE8A7BA-64BD-4B21-8239-0FC5A0D68FDD}.Debug|Any CPU.Build.0 = Debug|Any CPU
		{BAE8A7BA-64BD-4B21-8239-0FC5A0D68FDD}.Release|Any CPU.ActiveCfg = Release|Any CPU
		{BAE8A7BA-64BD-4B21-8239-0FC5A0D68FDD}.Release|Any CPU.Build.0 = Release|Any CPU
		{66A503DD-4A9B-45B9-A9E7-34BACFDEBFFB}.Debug|Any CPU.ActiveCfg = Debug|Any CPU
		{66A503DD-4A9B-45B9-A9E7-34BACFDEBFFB}.Debug|Any CPU.Build.0 = Debug|Any CPU
		{66A503DD-4A9B-45B9-A9E7-34BACFDEBFFB}.Release|Any CPU.ActiveCfg = Release|Any CPU
		{66A503DD-4A9B-45B9-A9E7-34BACFDEBFFB}.Release|Any CPU.Build.0 = Release|Any CPU
	EndGlobalSection
	GlobalSection(SolutionProperties) = preSolution
		HideSolutionNode = FALSE
	EndGlobalSection
	GlobalSection(ExtensibilityGlobals) = postSolution
		SolutionGuid = {093EC0E3-2F6D-4E6F-AD56-801271F27681}
	EndGlobalSection
EndGlobal
